
Microsoft Visual Studio Solution File, Format Version 12.00
Project("{FAE04EC0-301F-11D3-BF4B-00C04F79EFBC}") = "Api", "Api\Api.csproj", "{8667AF17-5FA5-4185-BBCC-FBB7AC54872B}"
EndProject
Project("{FAE04EC0-301F-11D3-BF4B-00C04F79EFBC}") = "Infrastructure", "Infrastructure\Infrastructure.csproj", "{77556BCB-F53A-46C2-82ED-C2536ECDA8DE}"
EndProject
Project("{FAE04EC0-301F-11D3-BF4B-00C04F79EFBC}") = "Events", "Events\Events.csproj", "{50C965BB-D3FB-4CAB-A229-9602DAB117EC}"
EndProject
Project("{FAE04EC0-301F-11D3-BF4B-00C04F79EFBC}") = "EventHandlers", "EventHandlers\EventHandlers.csproj", "{31020EBB-489B-4A01-8BE5-F5833240089B}"
EndProject
Project("{FAE04EC0-301F-11D3-BF4B-00C04F79EFBC}") = "Components", "Components\Components.csproj", "{23419B50-248E-4AD7-8F59-B727263C0704}"
EndProject
Project("{FAE04EC0-301F-11D3-BF4B-00C04F79EFBC}") = "DataModel", "DataModel\DataModel.csproj", "{C443A34C-A9D0-49A3-8258-A2E9E4778361}"
EndProject
Project("{FAE04EC0-301F-11D3-BF4B-00C04F79EFBC}") = "BackgroundWorker", "BackgroundWorker\BackgroundWorker.csproj", "{3E5FB4CE-4E33-4562-BDCA-C6C6D395209D}"
EndProject
Project("{FAE04EC0-301F-11D3-BF4B-00C04F79EFBC}") = "Components.UnitTests", "Components.UnitTests\Components.UnitTests.csproj", "{FE4232B9-16E0-4454-B179-C2EEDC5F39A7}"
EndProject
Project("{FAE04EC0-301F-11D3-BF4B-00C04F79EFBC}") = "Api.IntegrationTests", "Api.IntegrationTests\Api.IntegrationTests.csproj", "{26458907-18B0-4302-9884-CBB25AB83264}"
EndProject
Project("{2150E333-8FDC-42A3-9474-1A3956D46DE8}") = "Tests", "Tests", "{A8293E7C-E5B8-4DBF-A20D-7BA69EACAF27}"
EndProject
Project("{FAE04EC0-301F-11D3-BF4B-00C04F79EFBC}") = "EventHandlers.UnitTests", "EventHandlers.UnitTests\EventHandlers.UnitTests.csproj", "{65B0E294-56AA-4E3B-BC4C-D0C721334A8B}"
EndProject
Project("{2150E333-8FDC-42A3-9474-1A3956D46DE8}") = "Services", "Services", "{3B3B6578-7EA9-4475-A5F6-C33F372AAE19}"
EndProject
Project("{FAE04EC0-301F-11D3-BF4B-00C04F79EFBC}") = "NotificationService", "NotificationService\NotificationService.csproj", "{3F9C2AB1-4E5D-47B4-9CC7-B0EC4E67C3F5}"
EndProject
Global
	GlobalSection(SolutionConfigurationPlatforms) = preSolution
		Debug|Any CPU = Debug|Any CPU
		Release|Any CPU = Release|Any CPU
	EndGlobalSection
	GlobalSection(ProjectConfigurationPlatforms) = postSolution
		{8667AF17-5FA5-4185-BBCC-FBB7AC54872B}.Debug|Any CPU.ActiveCfg = Debug|Any CPU
		{8667AF17-5FA5-4185-BBCC-FBB7AC54872B}.Debug|Any CPU.Build.0 = Debug|Any CPU
		{8667AF17-5FA5-4185-BBCC-FBB7AC54872B}.Release|Any CPU.ActiveCfg = Release|Any CPU
		{8667AF17-5FA5-4185-BBCC-FBB7AC54872B}.Release|Any CPU.Build.0 = Release|Any CPU
		{77556BCB-F53A-46C2-82ED-C2536ECDA8DE}.Debug|Any CPU.ActiveCfg = Debug|Any CPU
		{77556BCB-F53A-46C2-82ED-C2536ECDA8DE}.Debug|Any CPU.Build.0 = Debug|Any CPU
		{77556BCB-F53A-46C2-82ED-C2536ECDA8DE}.Release|Any CPU.ActiveCfg = Release|Any CPU
		{77556BCB-F53A-46C2-82ED-C2536ECDA8DE}.Release|Any CPU.Build.0 = Release|Any CPU
		{50C965BB-D3FB-4CAB-A229-9602DAB117EC}.Debug|Any CPU.ActiveCfg = Debug|Any CPU
		{50C965BB-D3FB-4CAB-A229-9602DAB117EC}.Debug|Any CPU.Build.0 = Debug|Any CPU
		{50C965BB-D3FB-4CAB-A229-9602DAB117EC}.Release|Any CPU.ActiveCfg = Release|Any CPU
		{50C965BB-D3FB-4CAB-A229-9602DAB117EC}.Release|Any CPU.Build.0 = Release|Any CPU
		{31020EBB-489B-4A01-8BE5-F5833240089B}.Debug|Any CPU.ActiveCfg = Debug|Any CPU
		{31020EBB-489B-4A01-8BE5-F5833240089B}.Debug|Any CPU.Build.0 = Debug|Any CPU
		{31020EBB-489B-4A01-8BE5-F5833240089B}.Release|Any CPU.ActiveCfg = Release|Any CPU
		{31020EBB-489B-4A01-8BE5-F5833240089B}.Release|Any CPU.Build.0 = Release|Any CPU
		{23419B50-248E-4AD7-8F59-B727263C0704}.Debug|Any CPU.ActiveCfg = Debug|Any CPU
		{23419B50-248E-4AD7-8F59-B727263C0704}.Debug|Any CPU.Build.0 = Debug|Any CPU
		{23419B50-248E-4AD7-8F59-B727263C0704}.Release|Any CPU.ActiveCfg = Release|Any CPU
		{23419B50-248E-4AD7-8F59-B727263C0704}.Release|Any CPU.Build.0 = Release|Any CPU
		{C443A34C-A9D0-49A3-8258-A2E9E4778361}.Debug|Any CPU.ActiveCfg = Debug|Any CPU
		{C443A34C-A9D0-49A3-8258-A2E9E4778361}.Debug|Any CPU.Build.0 = Debug|Any CPU
		{C443A34C-A9D0-49A3-8258-A2E9E4778361}.Release|Any CPU.ActiveCfg = Release|Any CPU
		{C443A34C-A9D0-49A3-8258-A2E9E4778361}.Release|Any CPU.Build.0 = Release|Any CPU
		{3E5FB4CE-4E33-4562-BDCA-C6C6D395209D}.Debug|Any CPU.ActiveCfg = Debug|Any CPU
		{3E5FB4CE-4E33-4562-BDCA-C6C6D395209D}.Debug|Any CPU.Build.0 = Debug|Any CPU
		{3E5FB4CE-4E33-4562-BDCA-C6C6D395209D}.Release|Any CPU.ActiveCfg = Release|Any CPU
		{3E5FB4CE-4E33-4562-BDCA-C6C6D395209D}.Release|Any CPU.Build.0 = Release|Any CPU
		{FE4232B9-16E0-4454-B179-C2EEDC5F39A7}.Debug|Any CPU.ActiveCfg = Debug|Any CPU
		{FE4232B9-16E0-4454-B179-C2EEDC5F39A7}.Debug|Any CPU.Build.0 = Debug|Any CPU
		{FE4232B9-16E0-4454-B179-C2EEDC5F39A7}.Release|Any CPU.ActiveCfg = Release|Any CPU
		{FE4232B9-16E0-4454-B179-C2EEDC5F39A7}.Release|Any CPU.Build.0 = Release|Any CPU
		{26458907-18B0-4302-9884-CBB25AB83264}.Debug|Any CPU.ActiveCfg = Debug|Any CPU
		{26458907-18B0-4302-9884-CBB25AB83264}.Debug|Any CPU.Build.0 = Debug|Any CPU
		{26458907-18B0-4302-9884-CBB25AB83264}.Release|Any CPU.ActiveCfg = Release|Any CPU
		{26458907-18B0-4302-9884-CBB25AB83264}.Release|Any CPU.Build.0 = Release|Any CPU
		{65B0E294-56AA-4E3B-BC4C-D0C721334A8B}.Debug|Any CPU.ActiveCfg = Debug|Any CPU
		{65B0E294-56AA-4E3B-BC4C-D0C721334A8B}.Debug|Any CPU.Build.0 = Debug|Any CPU
		{65B0E294-56AA-4E3B-BC4C-D0C721334A8B}.Release|Any CPU.ActiveCfg = Release|Any CPU
		{65B0E294-56AA-4E3B-BC4C-D0C721334A8B}.Release|Any CPU.Build.0 = Release|Any CPU
		{3F9C2AB1-4E5D-47B4-9CC7-B0EC4E67C3F5}.Debug|Any CPU.ActiveCfg = Debug|Any CPU
		{3F9C2AB1-4E5D-47B4-9CC7-B0EC4E67C3F5}.Debug|Any CPU.Build.0 = Debug|Any CPU
		{3F9C2AB1-4E5D-47B4-9CC7-B0EC4E67C3F5}.Release|Any CPU.ActiveCfg = Release|Any CPU
		{3F9C2AB1-4E5D-47B4-9CC7-B0EC4E67C3F5}.Release|Any CPU.Build.0 = Release|Any CPU
	EndGlobalSection
	GlobalSection(NestedProjects) = preSolution
		{26458907-18B0-4302-9884-CBB25AB83264} = {A8293E7C-E5B8-4DBF-A20D-7BA69EACAF27}
		{FE4232B9-16E0-4454-B179-C2EEDC5F39A7} = {A8293E7C-E5B8-4DBF-A20D-7BA69EACAF27}
		{65B0E294-56AA-4E3B-BC4C-D0C721334A8B} = {A8293E7C-E5B8-4DBF-A20D-7BA69EACAF27}
		{3F9C2AB1-4E5D-47B4-9CC7-B0EC4E67C3F5} = {3B3B6578-7EA9-4475-A5F6-C33F372AAE19}
	EndGlobalSection
EndGlobal
